
Microsoft Visual Studio Solution File, Format Version 12.00
# Visual Studio Version 17
VisualStudioVersion = 17.13.35806.99 d17.13
MinimumVisualStudioVersion = 10.0.40219.1
Project("{FAE04EC0-301F-11D3-BF4B-00C04F79EFBC}") = "WebpiagetisaquiasNew", "WebpiagetisaquiasNew\WebpiagetisaquiasNew.csproj", "{8DF3F211-5C2A-44F5-98CE-5FD00E26DAEF}"
EndProject
Global
	GlobalSection(SolutionConfigurationPlatforms) = preSolution
		Debug|Any CPU = Debug|Any CPU
		Release|Any CPU = Release|Any CPU
	EndGlobalSection
	GlobalSection(ProjectConfigurationPlatforms) = postSolution
		{8DF3F211-5C2A-44F5-98CE-5FD00E26DAEF}.Debug|Any CPU.ActiveCfg = Debug|Any CPU
		{8DF3F211-5C2A-44F5-98CE-5FD00E26DAEF}.Debug|Any CPU.Build.0 = Debug|Any CPU
		{8DF3F211-5C2A-44F5-98CE-5FD00E26DAEF}.Release|Any CPU.ActiveCfg = Release|Any CPU
		{8DF3F211-5C2A-44F5-98CE-5FD00E26DAEF}.Release|Any CPU.Build.0 = Release|Any CPU
	EndGlobalSection
	GlobalSection(SolutionProperties) = preSolution
		HideSolutionNode = FALSE
	EndGlobalSection
	GlobalSection(ExtensibilityGlobals) = postSolution
		SolutionGuid = {2F9B4E82-EA88-498A-BDF6-717B5EA93D86}
	EndGlobalSection
EndGlobal
